
Microsoft Visual Studio Solution File, Format Version 12.00
# Visual Studio 15
VisualStudioVersion = 15.0.28307.1972
MinimumVisualStudioVersion = 10.0.40219.1
Project("{FAE04EC0-301F-11D3-BF4B-00C04F79EFBC}") = "CalculadoraBasica", "CalculadoraBasica\CalculadoraBasica.csproj", "{898BB298-5BD3-4061-B7AC-B8CCD55826A5}"
EndProject
Project("{FAE04EC0-301F-11D3-BF4B-00C04F79EFBC}") = "DominioCalc", "DominioCalc\DominioCalc.csproj", "{BC82C332-A086-4F36-9683-243CDEE81621}"
EndProject
Project("{FAE04EC0-301F-11D3-BF4B-00C04F79EFBC}") = "Test", "Test\Test.csproj", "{AFC6C4F0-1CA4-4203-A46C-425F074E61F1}"
EndProject
Global
	GlobalSection(SolutionConfigurationPlatforms) = preSolution
		Debug|Any CPU = Debug|Any CPU
		Release|Any CPU = Release|Any CPU
	EndGlobalSection
	GlobalSection(ProjectConfigurationPlatforms) = postSolution
		{898BB298-5BD3-4061-B7AC-B8CCD55826A5}.Debug|Any CPU.ActiveCfg = Debug|Any CPU
		{898BB298-5BD3-4061-B7AC-B8CCD55826A5}.Debug|Any CPU.Build.0 = Debug|Any CPU
		{898BB298-5BD3-4061-B7AC-B8CCD55826A5}.Release|Any CPU.ActiveCfg = Release|Any CPU
		{898BB298-5BD3-4061-B7AC-B8CCD55826A5}.Release|Any CPU.Build.0 = Release|Any CPU
		{BC82C332-A086-4F36-9683-243CDEE81621}.Debug|Any CPU.ActiveCfg = Debug|Any CPU
		{BC82C332-A086-4F36-9683-243CDEE81621}.Debug|Any CPU.Build.0 = Debug|Any CPU
		{BC82C332-A086-4F36-9683-243CDEE81621}.Release|Any CPU.ActiveCfg = Release|Any CPU
		{BC82C332-A086-4F36-9683-243CDEE81621}.Release|Any CPU.Build.0 = Release|Any CPU
		{AFC6C4F0-1CA4-4203-A46C-425F074E61F1}.Debug|Any CPU.ActiveCfg = Debug|Any CPU
		{AFC6C4F0-1CA4-4203-A46C-425F074E61F1}.Debug|Any CPU.Build.0 = Debug|Any CPU
		{AFC6C4F0-1CA4-4203-A46C-425F074E61F1}.Release|Any CPU.ActiveCfg = Release|Any CPU
		{AFC6C4F0-1CA4-4203-A46C-425F074E61F1}.Release|Any CPU.Build.0 = Release|Any CPU
	EndGlobalSection
	GlobalSection(SolutionProperties) = preSolution
		HideSolutionNode = FALSE
	EndGlobalSection
	GlobalSection(ExtensibilityGlobals) = postSolution
		SolutionGuid = {8E0C8DB9-9AD3-4D8F-86AF-02DC2A37459C}
	EndGlobalSection
EndGlobal
